
Microsoft Visual Studio Solution File, Format Version 12.00
# Visual Studio Version 17
VisualStudioVersion = 17.10.34916.146
MinimumVisualStudioVersion = 10.0.40219.1
Project("{FAE04EC0-301F-11D3-BF4B-00C04F79EFBC}") = "FifthAssignment.Presentation.WebApp", "FifthAssignment\FifthAssignment.Presentation.WebApp.csproj", "{85D85DA6-089A-40EB-8053-32E26DEE735B}"
EndProject
Project("{2150E333-8FDC-42A3-9474-1A3956D46DE8}") = "Source", "Source", "{27CA1287-2214-4B5A-BD1A-B8B5CDA1D86E}"
EndProject
Project("{2150E333-8FDC-42A3-9474-1A3956D46DE8}") = "Core", "Core", "{DC9F9041-10AD-4246-B675-AFFD3F0A7206}"
EndProject
Project("{2150E333-8FDC-42A3-9474-1A3956D46DE8}") = "Infrastructure", "Infrastructure", "{D635EB20-2AF4-475A-BA46-BB91010E1683}"
EndProject
Project("{2150E333-8FDC-42A3-9474-1A3956D46DE8}") = "Presentation", "Presentation", "{4FF3A3FF-7C31-45CB-91A9-CC92ABBB03E0}"
EndProject
Project("{2150E333-8FDC-42A3-9474-1A3956D46DE8}") = "WebApp", "WebApp", "{83036C9D-5E2A-4A4E-B986-F685DA95F417}"
EndProject
Project("{FAE04EC0-301F-11D3-BF4B-00C04F79EFBC}") = "FifthAssignment.Core.Application", "FifthAssignment.Core.Application\FifthAssignment.Core.Application.csproj", "{36C88347-4C4F-4E46-9BE1-595651C1849A}"
EndProject
Project("{FAE04EC0-301F-11D3-BF4B-00C04F79EFBC}") = "FifthAssignment.Core.Domain", "FifthAssignment.Core.Domain\FifthAssignment.Core.Domain.csproj", "{614A88D4-67BE-4737-91E6-D0A6AF69E295}"
EndProject
Project("{FAE04EC0-301F-11D3-BF4B-00C04F79EFBC}") = "FifthAssignment.Infraestructure.Persistence", "FifthAssignment.Infraestructure.Persistence\FifthAssignment.Infraestructure.Persistence.csproj", "{620866E6-D14A-4DAF-929B-6A151FAAF0D7}"
EndProject
Project("{FAE04EC0-301F-11D3-BF4B-00C04F79EFBC}") = "FifthAssignment.Infraestructure.Identity", "FifthAssignment.Infraestructure.Identity\FifthAssignment.Infraestructure.Identity.csproj", "{EDBC6A9C-5EE6-4888-A795-6C54A1F8C6FC}"
EndProject
Project("{FAE04EC0-301F-11D3-BF4B-00C04F79EFBC}") = "FifthAssignment.Infraestructure.Share", "FifthAssignment.Infraestructure.Share\FifthAssignment.Infraestructure.Share.csproj", "{D856D15E-724F-47EB-8310-CE5F750DB250}"
EndProject
Global
	GlobalSection(SolutionConfigurationPlatforms) = preSolution
		Debug|Any CPU = Debug|Any CPU
		Release|Any CPU = Release|Any CPU
	EndGlobalSection
	GlobalSection(ProjectConfigurationPlatforms) = postSolution
		{85D85DA6-089A-40EB-8053-32E26DEE735B}.Debug|Any CPU.ActiveCfg = Debug|Any CPU
		{85D85DA6-089A-40EB-8053-32E26DEE735B}.Debug|Any CPU.Build.0 = Debug|Any CPU
		{85D85DA6-089A-40EB-8053-32E26DEE735B}.Release|Any CPU.ActiveCfg = Release|Any CPU
		{85D85DA6-089A-40EB-8053-32E26DEE735B}.Release|Any CPU.Build.0 = Release|Any CPU
		{36C88347-4C4F-4E46-9BE1-595651C1849A}.Debug|Any CPU.ActiveCfg = Debug|Any CPU
		{36C88347-4C4F-4E46-9BE1-595651C1849A}.Debug|Any CPU.Build.0 = Debug|Any CPU
		{36C88347-4C4F-4E46-9BE1-595651C1849A}.Release|Any CPU.ActiveCfg = Release|Any CPU
		{36C88347-4C4F-4E46-9BE1-595651C1849A}.Release|Any CPU.Build.0 = Release|Any CPU
		{614A88D4-67BE-4737-91E6-D0A6AF69E295}.Debug|Any CPU.ActiveCfg = Debug|Any CPU
		{614A88D4-67BE-4737-91E6-D0A6AF69E295}.Debug|Any CPU.Build.0 = Debug|Any CPU
		{614A88D4-67BE-4737-91E6-D0A6AF69E295}.Release|Any CPU.ActiveCfg = Release|Any CPU
		{614A88D4-67BE-4737-91E6-D0A6AF69E295}.Release|Any CPU.Build.0 = Release|Any CPU
		{620866E6-D14A-4DAF-929B-6A151FAAF0D7}.Debug|Any CPU.ActiveCfg = Debug|Any CPU
		{620866E6-D14A-4DAF-929B-6A151FAAF0D7}.Debug|Any CPU.Build.0 = Debug|Any CPU
		{620866E6-D14A-4DAF-929B-6A151FAAF0D7}.Release|Any CPU.ActiveCfg = Release|Any CPU
		{620866E6-D14A-4DAF-929B-6A151FAAF0D7}.Release|Any CPU.Build.0 = Release|Any CPU
		{EDBC6A9C-5EE6-4888-A795-6C54A1F8C6FC}.Debug|Any CPU.ActiveCfg = Debug|Any CPU
		{EDBC6A9C-5EE6-4888-A795-6C54A1F8C6FC}.Debug|Any CPU.Build.0 = Debug|Any CPU
		{EDBC6A9C-5EE6-4888-A795-6C54A1F8C6FC}.Release|Any CPU.ActiveCfg = Release|Any CPU
		{EDBC6A9C-5EE6-4888-A795-6C54A1F8C6FC}.Release|Any CPU.Build.0 = Release|Any CPU
		{D856D15E-724F-47EB-8310-CE5F750DB250}.Debug|Any CPU.ActiveCfg = Debug|Any CPU
		{D856D15E-724F-47EB-8310-CE5F750DB250}.Debug|Any CPU.Build.0 = Debug|Any CPU
		{D856D15E-724F-47EB-8310-CE5F750DB250}.Release|Any CPU.ActiveCfg = Release|Any CPU
		{D856D15E-724F-47EB-8310-CE5F750DB250}.Release|Any CPU.Build.0 = Release|Any CPU
	EndGlobalSection
	GlobalSection(SolutionProperties) = preSolution
		HideSolutionNode = FALSE
	EndGlobalSection
	GlobalSection(NestedProjects) = preSolution
		{85D85DA6-089A-40EB-8053-32E26DEE735B} = {83036C9D-5E2A-4A4E-B986-F685DA95F417}
		{DC9F9041-10AD-4246-B675-AFFD3F0A7206} = {27CA1287-2214-4B5A-BD1A-B8B5CDA1D86E}
		{D635EB20-2AF4-475A-BA46-BB91010E1683} = {27CA1287-2214-4B5A-BD1A-B8B5CDA1D86E}
		{4FF3A3FF-7C31-45CB-91A9-CC92ABBB03E0} = {27CA1287-2214-4B5A-BD1A-B8B5CDA1D86E}
		{83036C9D-5E2A-4A4E-B986-F685DA95F417} = {4FF3A3FF-7C31-45CB-91A9-CC92ABBB03E0}
		{36C88347-4C4F-4E46-9BE1-595651C1849A} = {DC9F9041-10AD-4246-B675-AFFD3F0A7206}
		{614A88D4-67BE-4737-91E6-D0A6AF69E295} = {DC9F9041-10AD-4246-B675-AFFD3F0A7206}
		{620866E6-D14A-4DAF-929B-6A151FAAF0D7} = {D635EB20-2AF4-475A-BA46-BB91010E1683}
		{EDBC6A9C-5EE6-4888-A795-6C54A1F8C6FC} = {D635EB20-2AF4-475A-BA46-BB91010E1683}
		{D856D15E-724F-47EB-8310-CE5F750DB250} = {D635EB20-2AF4-475A-BA46-BB91010E1683}
	EndGlobalSection
	GlobalSection(ExtensibilityGlobals) = postSolution
		SolutionGuid = {6B58BF0D-D4A6-4CB7-9C52-B825DB6D6982}
	EndGlobalSection
EndGlobal
